
Microsoft Visual Studio Solution File, Format Version 12.00
# Visual Studio 14
VisualStudioVersion = 14.0.25420.1
MinimumVisualStudioVersion = 10.0.40219.1
Project("{F2A71F9B-5D33-465A-A702-920D77279786}") = "SlicStan", "NewStan\SlicStan.fsproj", "{D7F1F128-379C-4022-90E1-0365249CCCCA}"
EndProject
Global
	GlobalSection(SolutionConfigurationPlatforms) = preSolution
		Debug|Any CPU = Debug|Any CPU
		Release|Any CPU = Release|Any CPU
	EndGlobalSection
	GlobalSection(ProjectConfigurationPlatforms) = postSolution
		{D7F1F128-379C-4022-90E1-0365249CCCCA}.Debug|Any CPU.ActiveCfg = Debug|Any CPU
		{D7F1F128-379C-4022-90E1-0365249CCCCA}.Debug|Any CPU.Build.0 = Debug|Any CPU
		{D7F1F128-379C-4022-90E1-0365249CCCCA}.Release|Any CPU.ActiveCfg = Release|Any CPU
		{D7F1F128-379C-4022-90E1-0365249CCCCA}.Release|Any CPU.Build.0 = Release|Any CPU
	EndGlobalSection
	GlobalSection(SolutionProperties) = preSolution
		HideSolutionNode = FALSE
	EndGlobalSection
EndGlobal
